
Microsoft Visual Studio Solution File, Format Version 12.00
# Visual Studio Version 17
VisualStudioVersion = 17.4.33213.308
MinimumVisualStudioVersion = 10.0.40219.1
Project("{2150E333-8FDC-42A3-9474-1A3956D46DE8}") = "samples", "samples", "{A359B933-E00C-4356-B908-7ED4CCA83B65}"
	ProjectSection(SolutionItems) = preProject
		samples\README.md = samples\README.md
	EndProjectSection
EndProject
Project("{2150E333-8FDC-42A3-9474-1A3956D46DE8}") = "tests", "tests", "{28636474-5F87-46F6-BBED-0B6ECFC0F2D9}"
EndProject
Project("{2150E333-8FDC-42A3-9474-1A3956D46DE8}") = "src", "src", "{3D9FCA40-C58E-428A-AE3C-480DF5724451}"
EndProject
Project("{2150E333-8FDC-42A3-9474-1A3956D46DE8}") = "schemas", "schemas", "{A0812B4C-159C-4387-94AE-BEEC87FFFF86}"
	ProjectSection(SolutionItems) = preProject
		schemas\README.md = schemas\README.md
		schemas\xcst-app.rng = schemas\xcst-app.rng
		schemas\xcst-app.xsd = schemas\xcst-app.xsd
	EndProjectSection
EndProject
Project("{9A19103F-16F7-4668-BE54-9A1E7A4F7556}") = "Xcst.AspNetCore", "src\Xcst.AspNetCore\Xcst.AspNetCore.csproj", "{76A90B3D-3008-45BE-9D30-DAE368945FC8}"
EndProject
Project("{9A19103F-16F7-4668-BE54-9A1E7A4F7556}") = "aspnetcore", "samples\aspnetcore\aspnetcore.csproj", "{BE720A70-F3FB-493F-BF12-BCB99C9AFD4F}"
EndProject
Project("{9A19103F-16F7-4668-BE54-9A1E7A4F7556}") = "Xcst.AspNetCore.Tests", "tests\Xcst.AspNetCore.Tests\Xcst.AspNetCore.Tests.csproj", "{E38A1978-12F9-4074-8390-DF7C61D71439}"
EndProject
Project("{9A19103F-16F7-4668-BE54-9A1E7A4F7556}") = "extension-codegen", "src\extension-codegen\extension-codegen.csproj", "{1CCA9192-0945-4DA1-B62E-9E27ADB0A389}"
EndProject
Project("{9A19103F-16F7-4668-BE54-9A1E7A4F7556}") = "Xcst.AspNetCore.Extension", "src\Xcst.AspNetCore.Extension\Xcst.AspNetCore.Extension.csproj", "{90A0C6D4-978F-45F6-884D-130E9B2B8ECC}"
EndProject
Project("{9A19103F-16F7-4668-BE54-9A1E7A4F7556}") = "tests-codegen", "tests\tests-codegen\tests-codegen.csproj", "{D87F9DE3-DAC1-4C6D-A217-09927E9F1DBD}"
EndProject
Project("{9A19103F-16F7-4668-BE54-9A1E7A4F7556}") = "xcst-codegen", "samples\xcst-codegen\xcst-codegen.csproj", "{3C14CF01-1C30-4BF9-9F8C-CEEFEB7F1CD0}"
EndProject
Global
	GlobalSection(SolutionConfigurationPlatforms) = preSolution
		CodeAnalysis|Any CPU = CodeAnalysis|Any CPU
		Debug|Any CPU = Debug|Any CPU
		Release|Any CPU = Release|Any CPU
	EndGlobalSection
	GlobalSection(ProjectConfigurationPlatforms) = postSolution
		{76A90B3D-3008-45BE-9D30-DAE368945FC8}.CodeAnalysis|Any CPU.ActiveCfg = Debug|Any CPU
		{76A90B3D-3008-45BE-9D30-DAE368945FC8}.CodeAnalysis|Any CPU.Build.0 = Debug|Any CPU
		{76A90B3D-3008-45BE-9D30-DAE368945FC8}.Debug|Any CPU.ActiveCfg = Debug|Any CPU
		{76A90B3D-3008-45BE-9D30-DAE368945FC8}.Debug|Any CPU.Build.0 = Debug|Any CPU
		{76A90B3D-3008-45BE-9D30-DAE368945FC8}.Release|Any CPU.ActiveCfg = Release|Any CPU
		{76A90B3D-3008-45BE-9D30-DAE368945FC8}.Release|Any CPU.Build.0 = Release|Any CPU
		{BE720A70-F3FB-493F-BF12-BCB99C9AFD4F}.CodeAnalysis|Any CPU.ActiveCfg = Debug|Any CPU
		{BE720A70-F3FB-493F-BF12-BCB99C9AFD4F}.CodeAnalysis|Any CPU.Build.0 = Debug|Any CPU
		{BE720A70-F3FB-493F-BF12-BCB99C9AFD4F}.Debug|Any CPU.ActiveCfg = Debug|Any CPU
		{BE720A70-F3FB-493F-BF12-BCB99C9AFD4F}.Debug|Any CPU.Build.0 = Debug|Any CPU
		{BE720A70-F3FB-493F-BF12-BCB99C9AFD4F}.Release|Any CPU.ActiveCfg = Release|Any CPU
		{BE720A70-F3FB-493F-BF12-BCB99C9AFD4F}.Release|Any CPU.Build.0 = Release|Any CPU
		{E38A1978-12F9-4074-8390-DF7C61D71439}.CodeAnalysis|Any CPU.ActiveCfg = Debug|Any CPU
		{E38A1978-12F9-4074-8390-DF7C61D71439}.CodeAnalysis|Any CPU.Build.0 = Debug|Any CPU
		{E38A1978-12F9-4074-8390-DF7C61D71439}.Debug|Any CPU.ActiveCfg = Debug|Any CPU
		{E38A1978-12F9-4074-8390-DF7C61D71439}.Debug|Any CPU.Build.0 = Debug|Any CPU
		{E38A1978-12F9-4074-8390-DF7C61D71439}.Release|Any CPU.ActiveCfg = Release|Any CPU
		{E38A1978-12F9-4074-8390-DF7C61D71439}.Release|Any CPU.Build.0 = Release|Any CPU
		{1CCA9192-0945-4DA1-B62E-9E27ADB0A389}.CodeAnalysis|Any CPU.ActiveCfg = Debug|Any CPU
		{1CCA9192-0945-4DA1-B62E-9E27ADB0A389}.CodeAnalysis|Any CPU.Build.0 = Debug|Any CPU
		{1CCA9192-0945-4DA1-B62E-9E27ADB0A389}.Debug|Any CPU.ActiveCfg = Debug|Any CPU
		{1CCA9192-0945-4DA1-B62E-9E27ADB0A389}.Debug|Any CPU.Build.0 = Debug|Any CPU
		{1CCA9192-0945-4DA1-B62E-9E27ADB0A389}.Release|Any CPU.ActiveCfg = Release|Any CPU
		{1CCA9192-0945-4DA1-B62E-9E27ADB0A389}.Release|Any CPU.Build.0 = Release|Any CPU
		{90A0C6D4-978F-45F6-884D-130E9B2B8ECC}.CodeAnalysis|Any CPU.ActiveCfg = Debug|Any CPU
		{90A0C6D4-978F-45F6-884D-130E9B2B8ECC}.CodeAnalysis|Any CPU.Build.0 = Debug|Any CPU
		{90A0C6D4-978F-45F6-884D-130E9B2B8ECC}.Debug|Any CPU.ActiveCfg = Debug|Any CPU
		{90A0C6D4-978F-45F6-884D-130E9B2B8ECC}.Debug|Any CPU.Build.0 = Debug|Any CPU
		{90A0C6D4-978F-45F6-884D-130E9B2B8ECC}.Release|Any CPU.ActiveCfg = Release|Any CPU
		{90A0C6D4-978F-45F6-884D-130E9B2B8ECC}.Release|Any CPU.Build.0 = Release|Any CPU
		{D87F9DE3-DAC1-4C6D-A217-09927E9F1DBD}.CodeAnalysis|Any CPU.ActiveCfg = Debug|Any CPU
		{D87F9DE3-DAC1-4C6D-A217-09927E9F1DBD}.CodeAnalysis|Any CPU.Build.0 = Debug|Any CPU
		{D87F9DE3-DAC1-4C6D-A217-09927E9F1DBD}.Debug|Any CPU.ActiveCfg = Debug|Any CPU
		{D87F9DE3-DAC1-4C6D-A217-09927E9F1DBD}.Debug|Any CPU.Build.0 = Debug|Any CPU
		{D87F9DE3-DAC1-4C6D-A217-09927E9F1DBD}.Release|Any CPU.ActiveCfg = Release|Any CPU
		{D87F9DE3-DAC1-4C6D-A217-09927E9F1DBD}.Release|Any CPU.Build.0 = Release|Any CPU
		{3C14CF01-1C30-4BF9-9F8C-CEEFEB7F1CD0}.CodeAnalysis|Any CPU.ActiveCfg = Debug|Any CPU
		{3C14CF01-1C30-4BF9-9F8C-CEEFEB7F1CD0}.CodeAnalysis|Any CPU.Build.0 = Debug|Any CPU
		{3C14CF01-1C30-4BF9-9F8C-CEEFEB7F1CD0}.Debug|Any CPU.ActiveCfg = Debug|Any CPU
		{3C14CF01-1C30-4BF9-9F8C-CEEFEB7F1CD0}.Debug|Any CPU.Build.0 = Debug|Any CPU
		{3C14CF01-1C30-4BF9-9F8C-CEEFEB7F1CD0}.Release|Any CPU.ActiveCfg = Release|Any CPU
		{3C14CF01-1C30-4BF9-9F8C-CEEFEB7F1CD0}.Release|Any CPU.Build.0 = Release|Any CPU
	EndGlobalSection
	GlobalSection(SolutionProperties) = preSolution
		HideSolutionNode = FALSE
	EndGlobalSection
	GlobalSection(NestedProjects) = preSolution
		{76A90B3D-3008-45BE-9D30-DAE368945FC8} = {3D9FCA40-C58E-428A-AE3C-480DF5724451}
		{BE720A70-F3FB-493F-BF12-BCB99C9AFD4F} = {A359B933-E00C-4356-B908-7ED4CCA83B65}
		{E38A1978-12F9-4074-8390-DF7C61D71439} = {28636474-5F87-46F6-BBED-0B6ECFC0F2D9}
		{1CCA9192-0945-4DA1-B62E-9E27ADB0A389} = {3D9FCA40-C58E-428A-AE3C-480DF5724451}
		{90A0C6D4-978F-45F6-884D-130E9B2B8ECC} = {3D9FCA40-C58E-428A-AE3C-480DF5724451}
		{D87F9DE3-DAC1-4C6D-A217-09927E9F1DBD} = {28636474-5F87-46F6-BBED-0B6ECFC0F2D9}
		{3C14CF01-1C30-4BF9-9F8C-CEEFEB7F1CD0} = {A359B933-E00C-4356-B908-7ED4CCA83B65}
	EndGlobalSection
	GlobalSection(ExtensibilityGlobals) = postSolution
		SolutionGuid = {9D68F6E0-43F6-4AF7-8617-714A04B12736}
	EndGlobalSection
EndGlobal
