
Microsoft Visual Studio Solution File, Format Version 12.00
# Visual Studio Version 16
VisualStudioVersion = 16.0.29418.71
MinimumVisualStudioVersion = 10.0.40219.1
Project("{2150E333-8FDC-42A3-9474-1A3956D46DE8}") = "samples", "samples", "{A359B933-E00C-4356-B908-7ED4CCA83B65}"
	ProjectSection(SolutionItems) = preProject
		samples\README.md = samples\README.md
	EndProjectSection
EndProject
Project("{E24C65DC-7377-472B-9ABA-BC803B73C61A}") = "aspnet", "samples\aspnet\", "{69E11991-F3B6-41D9-B8B6-D5AADEA54EAD}"
	ProjectSection(WebsiteProperties) = preProject
		TargetFrameworkMoniker = ".NETFramework,Version%3Dv4.6"
		ProjectReferences = "{30e0cb99-1953-476b-a994-7bc15d903b25}|Xcst.AspNet.Compilation.dll;{5CB9AA5E-52B2-4FBB-8DB3-D1D53193D34F}|Xcst.AspNet.dll;{5039E116-8B5F-406D-A7FD-550F309A7178}|Xcst.AspNet.Extension.dll;"
		Debug.AspNetCompiler.VirtualPath = "/localhost_49439"
		Debug.AspNetCompiler.PhysicalPath = "samples\aspnet\"
		Debug.AspNetCompiler.TargetPath = "PrecompiledWeb\localhost_49439\"
		Debug.AspNetCompiler.Updateable = "true"
		Debug.AspNetCompiler.ForceOverwrite = "true"
		Debug.AspNetCompiler.FixedNames = "false"
		Debug.AspNetCompiler.Debug = "True"
		Release.AspNetCompiler.VirtualPath = "/localhost_49439"
		Release.AspNetCompiler.PhysicalPath = "samples\aspnet\"
		Release.AspNetCompiler.TargetPath = "PrecompiledWeb\localhost_49439\"
		Release.AspNetCompiler.Updateable = "true"
		Release.AspNetCompiler.ForceOverwrite = "true"
		Release.AspNetCompiler.FixedNames = "false"
		Release.AspNetCompiler.Debug = "False"
		VWDPort = "49439"
		SlnRelativePath = "samples\aspnet\"
	EndProjectSection
EndProject
Project("{FAE04EC0-301F-11D3-BF4B-00C04F79EFBC}") = "Xcst.Web.Mvc", "src\Xcst.Web.Mvc\Xcst.Web.Mvc.csproj", "{4201BBCB-DBBB-47DB-8CD6-E62F697DEA64}"
EndProject
Project("{2150E333-8FDC-42A3-9474-1A3956D46DE8}") = "tests", "tests", "{28636474-5F87-46F6-BBED-0B6ECFC0F2D9}"
EndProject
Project("{2150E333-8FDC-42A3-9474-1A3956D46DE8}") = "src", "src", "{3D9FCA40-C58E-428A-AE3C-480DF5724451}"
EndProject
Project("{2150E333-8FDC-42A3-9474-1A3956D46DE8}") = "schemas", "schemas", "{A0812B4C-159C-4387-94AE-BEEC87FFFF86}"
	ProjectSection(SolutionItems) = preProject
		schemas\README.md = schemas\README.md
		schemas\xcst-app.rng = schemas\xcst-app.rng
		schemas\xcst-app.xsd = schemas\xcst-app.xsd
		packages\Xcst.Compiler.0.104.0\schemas\xcst.rng = packages\Xcst.Compiler.0.104.0\schemas\xcst.rng
		packages\Xcst.Compiler.0.104.0\schemas\xcst.xsd = packages\Xcst.Compiler.0.104.0\schemas\xcst.xsd
	EndProjectSection
EndProject
Project("{FAE04EC0-301F-11D3-BF4B-00C04F79EFBC}") = "Xcst.AspNet.Tests", "tests\Xcst.AspNet.Tests\Xcst.AspNet.Tests.csproj", "{9C2C8E13-E69D-4656-8554-11CD69147448}"
EndProject
Project("{FAE04EC0-301F-11D3-BF4B-00C04F79EFBC}") = "Xcst.AspNet", "src\Xcst.AspNet\Xcst.AspNet.csproj", "{5CB9AA5E-52B2-4FBB-8DB3-D1D53193D34F}"
EndProject
Project("{E24C65DC-7377-472B-9ABA-BC803B73C61A}") = "aspnet-mvc", "samples\aspnet-mvc\", "{48FFDBDC-4AE8-4739-9AD1-C361927CAE3D}"
	ProjectSection(WebsiteProperties) = preProject
		TargetFrameworkMoniker = ".NETFramework,Version%3Dv4.6"
		ProjectReferences = "{4201bbcb-dbbb-47db-8cd6-e62f697dea64}|Xcst.Web.Mvc.dll;"
		Debug.AspNetCompiler.VirtualPath = "/localhost_52517"
		Debug.AspNetCompiler.PhysicalPath = "samples\aspnet-mvc\"
		Debug.AspNetCompiler.TargetPath = "PrecompiledWeb\localhost_52517\"
		Debug.AspNetCompiler.Updateable = "true"
		Debug.AspNetCompiler.ForceOverwrite = "true"
		Debug.AspNetCompiler.FixedNames = "false"
		Debug.AspNetCompiler.Debug = "True"
		Release.AspNetCompiler.VirtualPath = "/localhost_52517"
		Release.AspNetCompiler.PhysicalPath = "samples\aspnet-mvc\"
		Release.AspNetCompiler.TargetPath = "PrecompiledWeb\localhost_52517\"
		Release.AspNetCompiler.Updateable = "true"
		Release.AspNetCompiler.ForceOverwrite = "true"
		Release.AspNetCompiler.FixedNames = "false"
		Release.AspNetCompiler.Debug = "False"
		VWDPort = "52517"
		SlnRelativePath = "samples\aspnet-mvc\"
	EndProjectSection
EndProject
Project("{E24C65DC-7377-472B-9ABA-BC803B73C61A}") = "aspnet-todo", "samples\aspnet-todo\", "{5C9BDC47-2C36-4CFF-AC98-D6F6198E43FA}"
	ProjectSection(WebsiteProperties) = preProject
		TargetFrameworkMoniker = ".NETFramework,Version%3Dv4.6"
		ProjectReferences = "{30e0cb99-1953-476b-a994-7bc15d903b25}|Xcst.AspNet.Compilation.dll;{5CB9AA5E-52B2-4FBB-8DB3-D1D53193D34F}|Xcst.AspNet.dll;{5039E116-8B5F-406D-A7FD-550F309A7178}|Xcst.AspNet.Extension.dll;"
		Debug.AspNetCompiler.VirtualPath = "/localhost_51437"
		Debug.AspNetCompiler.PhysicalPath = "samples\aspnet-todo\"
		Debug.AspNetCompiler.TargetPath = "PrecompiledWeb\localhost_51437\"
		Debug.AspNetCompiler.Updateable = "true"
		Debug.AspNetCompiler.ForceOverwrite = "true"
		Debug.AspNetCompiler.FixedNames = "false"
		Debug.AspNetCompiler.Debug = "True"
		Release.AspNetCompiler.VirtualPath = "/localhost_51437"
		Release.AspNetCompiler.PhysicalPath = "samples\aspnet-todo\"
		Release.AspNetCompiler.TargetPath = "PrecompiledWeb\localhost_51437\"
		Release.AspNetCompiler.Updateable = "true"
		Release.AspNetCompiler.ForceOverwrite = "true"
		Release.AspNetCompiler.FixedNames = "false"
		Release.AspNetCompiler.Debug = "False"
		VWDPort = "51437"
		SlnRelativePath = "samples\aspnet-todo\"
		DefaultWebSiteLanguage = "Visual C#"
	EndProjectSection
EndProject
Project("{FAE04EC0-301F-11D3-BF4B-00C04F79EFBC}") = "Xcst.AspNet.Compilation", "src\Xcst.AspNet.Compilation\Xcst.AspNet.Compilation.csproj", "{30E0CB99-1953-476B-A994-7BC15D903B25}"
EndProject
Project("{FAE04EC0-301F-11D3-BF4B-00C04F79EFBC}") = "Xcst.AspNet.Extension", "src\Xcst.AspNet.Extension\Xcst.AspNet.Extension.csproj", "{5039E116-8B5F-406D-A7FD-550F309A7178}"
EndProject
Project("{FAE04EC0-301F-11D3-BF4B-00C04F79EFBC}") = "aspnet-precompiled-code", "samples\aspnet-precompiled-code\aspnet-precompiled-code.csproj", "{85105E77-C24A-4006-B523-99C94E418219}"
EndProject
Project("{E24C65DC-7377-472B-9ABA-BC803B73C61A}") = "aspnet-precompiled-site", "samples\aspnet-precompiled-site\", "{526FF9FB-17E3-4235-9DCA-B0F2986A6251}"
	ProjectSection(WebsiteProperties) = preProject
		TargetFrameworkMoniker = ".NETFramework,Version%3Dv4.6"
		ProjectReferences = "{85105e77-c24a-4006-b523-99c94e418219}|AspNetPrecompiled.dll;{5CB9AA5E-52B2-4FBB-8DB3-D1D53193D34F}|Xcst.AspNet.dll;"
		Debug.AspNetCompiler.VirtualPath = "/localhost_56269"
		Debug.AspNetCompiler.PhysicalPath = "samples\aspnet-precompiled-site\"
		Debug.AspNetCompiler.TargetPath = "PrecompiledWeb\localhost_56269\"
		Debug.AspNetCompiler.Updateable = "true"
		Debug.AspNetCompiler.ForceOverwrite = "true"
		Debug.AspNetCompiler.FixedNames = "false"
		Debug.AspNetCompiler.Debug = "True"
		Release.AspNetCompiler.VirtualPath = "/localhost_56269"
		Release.AspNetCompiler.PhysicalPath = "samples\aspnet-precompiled-site\"
		Release.AspNetCompiler.TargetPath = "PrecompiledWeb\localhost_56269\"
		Release.AspNetCompiler.Updateable = "true"
		Release.AspNetCompiler.ForceOverwrite = "true"
		Release.AspNetCompiler.FixedNames = "false"
		Release.AspNetCompiler.Debug = "False"
		VWDPort = "56269"
		SlnRelativePath = "samples\aspnet-precompiled-site\"
	EndProjectSection
EndProject
Global
	GlobalSection(SolutionConfigurationPlatforms) = preSolution
		CodeAnalysis|Any CPU = CodeAnalysis|Any CPU
		Debug|Any CPU = Debug|Any CPU
		Release|Any CPU = Release|Any CPU
	EndGlobalSection
	GlobalSection(ProjectConfigurationPlatforms) = postSolution
		{69E11991-F3B6-41D9-B8B6-D5AADEA54EAD}.CodeAnalysis|Any CPU.ActiveCfg = Debug|Any CPU
		{69E11991-F3B6-41D9-B8B6-D5AADEA54EAD}.CodeAnalysis|Any CPU.Build.0 = Debug|Any CPU
		{69E11991-F3B6-41D9-B8B6-D5AADEA54EAD}.Debug|Any CPU.ActiveCfg = Debug|Any CPU
		{69E11991-F3B6-41D9-B8B6-D5AADEA54EAD}.Debug|Any CPU.Build.0 = Debug|Any CPU
		{69E11991-F3B6-41D9-B8B6-D5AADEA54EAD}.Release|Any CPU.ActiveCfg = Debug|Any CPU
		{69E11991-F3B6-41D9-B8B6-D5AADEA54EAD}.Release|Any CPU.Build.0 = Debug|Any CPU
		{4201BBCB-DBBB-47DB-8CD6-E62F697DEA64}.CodeAnalysis|Any CPU.ActiveCfg = Release|Any CPU
		{4201BBCB-DBBB-47DB-8CD6-E62F697DEA64}.CodeAnalysis|Any CPU.Build.0 = Release|Any CPU
		{4201BBCB-DBBB-47DB-8CD6-E62F697DEA64}.Debug|Any CPU.ActiveCfg = Debug|Any CPU
		{4201BBCB-DBBB-47DB-8CD6-E62F697DEA64}.Debug|Any CPU.Build.0 = Debug|Any CPU
		{4201BBCB-DBBB-47DB-8CD6-E62F697DEA64}.Release|Any CPU.ActiveCfg = Release|Any CPU
		{4201BBCB-DBBB-47DB-8CD6-E62F697DEA64}.Release|Any CPU.Build.0 = Release|Any CPU
		{9C2C8E13-E69D-4656-8554-11CD69147448}.CodeAnalysis|Any CPU.ActiveCfg = Release|Any CPU
		{9C2C8E13-E69D-4656-8554-11CD69147448}.CodeAnalysis|Any CPU.Build.0 = Release|Any CPU
		{9C2C8E13-E69D-4656-8554-11CD69147448}.Debug|Any CPU.ActiveCfg = Debug|Any CPU
		{9C2C8E13-E69D-4656-8554-11CD69147448}.Debug|Any CPU.Build.0 = Debug|Any CPU
		{9C2C8E13-E69D-4656-8554-11CD69147448}.Release|Any CPU.ActiveCfg = Release|Any CPU
		{9C2C8E13-E69D-4656-8554-11CD69147448}.Release|Any CPU.Build.0 = Release|Any CPU
		{5CB9AA5E-52B2-4FBB-8DB3-D1D53193D34F}.CodeAnalysis|Any CPU.ActiveCfg = Release|Any CPU
		{5CB9AA5E-52B2-4FBB-8DB3-D1D53193D34F}.CodeAnalysis|Any CPU.Build.0 = Release|Any CPU
		{5CB9AA5E-52B2-4FBB-8DB3-D1D53193D34F}.Debug|Any CPU.ActiveCfg = Debug|Any CPU
		{5CB9AA5E-52B2-4FBB-8DB3-D1D53193D34F}.Debug|Any CPU.Build.0 = Debug|Any CPU
		{5CB9AA5E-52B2-4FBB-8DB3-D1D53193D34F}.Release|Any CPU.ActiveCfg = Release|Any CPU
		{5CB9AA5E-52B2-4FBB-8DB3-D1D53193D34F}.Release|Any CPU.Build.0 = Release|Any CPU
		{48FFDBDC-4AE8-4739-9AD1-C361927CAE3D}.CodeAnalysis|Any CPU.ActiveCfg = Debug|Any CPU
		{48FFDBDC-4AE8-4739-9AD1-C361927CAE3D}.CodeAnalysis|Any CPU.Build.0 = Debug|Any CPU
		{48FFDBDC-4AE8-4739-9AD1-C361927CAE3D}.Debug|Any CPU.ActiveCfg = Debug|Any CPU
		{48FFDBDC-4AE8-4739-9AD1-C361927CAE3D}.Debug|Any CPU.Build.0 = Debug|Any CPU
		{48FFDBDC-4AE8-4739-9AD1-C361927CAE3D}.Release|Any CPU.ActiveCfg = Debug|Any CPU
		{48FFDBDC-4AE8-4739-9AD1-C361927CAE3D}.Release|Any CPU.Build.0 = Debug|Any CPU
		{5C9BDC47-2C36-4CFF-AC98-D6F6198E43FA}.CodeAnalysis|Any CPU.ActiveCfg = Debug|Any CPU
		{5C9BDC47-2C36-4CFF-AC98-D6F6198E43FA}.CodeAnalysis|Any CPU.Build.0 = Debug|Any CPU
		{5C9BDC47-2C36-4CFF-AC98-D6F6198E43FA}.Debug|Any CPU.ActiveCfg = Debug|Any CPU
		{5C9BDC47-2C36-4CFF-AC98-D6F6198E43FA}.Debug|Any CPU.Build.0 = Debug|Any CPU
		{5C9BDC47-2C36-4CFF-AC98-D6F6198E43FA}.Release|Any CPU.ActiveCfg = Debug|Any CPU
		{5C9BDC47-2C36-4CFF-AC98-D6F6198E43FA}.Release|Any CPU.Build.0 = Debug|Any CPU
		{30E0CB99-1953-476B-A994-7BC15D903B25}.CodeAnalysis|Any CPU.ActiveCfg = Release|Any CPU
		{30E0CB99-1953-476B-A994-7BC15D903B25}.CodeAnalysis|Any CPU.Build.0 = Release|Any CPU
		{30E0CB99-1953-476B-A994-7BC15D903B25}.Debug|Any CPU.ActiveCfg = Debug|Any CPU
		{30E0CB99-1953-476B-A994-7BC15D903B25}.Debug|Any CPU.Build.0 = Debug|Any CPU
		{30E0CB99-1953-476B-A994-7BC15D903B25}.Release|Any CPU.ActiveCfg = Release|Any CPU
		{30E0CB99-1953-476B-A994-7BC15D903B25}.Release|Any CPU.Build.0 = Release|Any CPU
		{5039E116-8B5F-406D-A7FD-550F309A7178}.CodeAnalysis|Any CPU.ActiveCfg = Release|Any CPU
		{5039E116-8B5F-406D-A7FD-550F309A7178}.CodeAnalysis|Any CPU.Build.0 = Release|Any CPU
		{5039E116-8B5F-406D-A7FD-550F309A7178}.Debug|Any CPU.ActiveCfg = Debug|Any CPU
		{5039E116-8B5F-406D-A7FD-550F309A7178}.Debug|Any CPU.Build.0 = Debug|Any CPU
		{5039E116-8B5F-406D-A7FD-550F309A7178}.Release|Any CPU.ActiveCfg = Release|Any CPU
		{5039E116-8B5F-406D-A7FD-550F309A7178}.Release|Any CPU.Build.0 = Release|Any CPU
		{85105E77-C24A-4006-B523-99C94E418219}.CodeAnalysis|Any CPU.ActiveCfg = Release|Any CPU
		{85105E77-C24A-4006-B523-99C94E418219}.CodeAnalysis|Any CPU.Build.0 = Release|Any CPU
		{85105E77-C24A-4006-B523-99C94E418219}.Debug|Any CPU.ActiveCfg = Debug|Any CPU
		{85105E77-C24A-4006-B523-99C94E418219}.Debug|Any CPU.Build.0 = Debug|Any CPU
		{85105E77-C24A-4006-B523-99C94E418219}.Release|Any CPU.ActiveCfg = Release|Any CPU
		{85105E77-C24A-4006-B523-99C94E418219}.Release|Any CPU.Build.0 = Release|Any CPU
		{526FF9FB-17E3-4235-9DCA-B0F2986A6251}.CodeAnalysis|Any CPU.ActiveCfg = Debug|Any CPU
		{526FF9FB-17E3-4235-9DCA-B0F2986A6251}.CodeAnalysis|Any CPU.Build.0 = Debug|Any CPU
		{526FF9FB-17E3-4235-9DCA-B0F2986A6251}.Debug|Any CPU.ActiveCfg = Debug|Any CPU
		{526FF9FB-17E3-4235-9DCA-B0F2986A6251}.Debug|Any CPU.Build.0 = Debug|Any CPU
		{526FF9FB-17E3-4235-9DCA-B0F2986A6251}.Release|Any CPU.ActiveCfg = Debug|Any CPU
		{526FF9FB-17E3-4235-9DCA-B0F2986A6251}.Release|Any CPU.Build.0 = Debug|Any CPU
	EndGlobalSection
	GlobalSection(SolutionProperties) = preSolution
		HideSolutionNode = FALSE
	EndGlobalSection
	GlobalSection(NestedProjects) = preSolution
		{69E11991-F3B6-41D9-B8B6-D5AADEA54EAD} = {A359B933-E00C-4356-B908-7ED4CCA83B65}
		{4201BBCB-DBBB-47DB-8CD6-E62F697DEA64} = {3D9FCA40-C58E-428A-AE3C-480DF5724451}
		{9C2C8E13-E69D-4656-8554-11CD69147448} = {28636474-5F87-46F6-BBED-0B6ECFC0F2D9}
		{5CB9AA5E-52B2-4FBB-8DB3-D1D53193D34F} = {3D9FCA40-C58E-428A-AE3C-480DF5724451}
		{48FFDBDC-4AE8-4739-9AD1-C361927CAE3D} = {A359B933-E00C-4356-B908-7ED4CCA83B65}
		{5C9BDC47-2C36-4CFF-AC98-D6F6198E43FA} = {A359B933-E00C-4356-B908-7ED4CCA83B65}
		{30E0CB99-1953-476B-A994-7BC15D903B25} = {3D9FCA40-C58E-428A-AE3C-480DF5724451}
		{5039E116-8B5F-406D-A7FD-550F309A7178} = {3D9FCA40-C58E-428A-AE3C-480DF5724451}
		{85105E77-C24A-4006-B523-99C94E418219} = {A359B933-E00C-4356-B908-7ED4CCA83B65}
		{526FF9FB-17E3-4235-9DCA-B0F2986A6251} = {A359B933-E00C-4356-B908-7ED4CCA83B65}
	EndGlobalSection
	GlobalSection(ExtensibilityGlobals) = postSolution
		SolutionGuid = {9D68F6E0-43F6-4AF7-8617-714A04B12736}
	EndGlobalSection
EndGlobal
