
Microsoft Visual Studio Solution File, Format Version 12.00
# Visual Studio 15
VisualStudioVersion = 15.0.26403.7
MinimumVisualStudioVersion = 10.0.40219.1
Project("{2150E333-8FDC-42A3-9474-1A3956D46DE8}") = "samples", "samples", "{A359B933-E00C-4356-B908-7ED4CCA83B65}"
EndProject
Project("{E24C65DC-7377-472B-9ABA-BC803B73C61A}") = "aspnet", "samples\aspnet\", "{69E11991-F3B6-41D9-B8B6-D5AADEA54EAD}"
	ProjectSection(WebsiteProperties) = preProject
		TargetFrameworkMoniker = ".NETFramework,Version%3Dv4.6"
		ProjectReferences = "{5CB9AA5E-52B2-4FBB-8DB3-D1D53193D34F}|Xcst.AspNet.dll;"
		Debug.AspNetCompiler.VirtualPath = "/localhost_49439"
		Debug.AspNetCompiler.PhysicalPath = "samples\aspnet\"
		Debug.AspNetCompiler.TargetPath = "PrecompiledWeb\localhost_49439\"
		Debug.AspNetCompiler.Updateable = "true"
		Debug.AspNetCompiler.ForceOverwrite = "true"
		Debug.AspNetCompiler.FixedNames = "false"
		Debug.AspNetCompiler.Debug = "True"
		Release.AspNetCompiler.VirtualPath = "/localhost_49439"
		Release.AspNetCompiler.PhysicalPath = "samples\aspnet\"
		Release.AspNetCompiler.TargetPath = "PrecompiledWeb\localhost_49439\"
		Release.AspNetCompiler.Updateable = "true"
		Release.AspNetCompiler.ForceOverwrite = "true"
		Release.AspNetCompiler.FixedNames = "false"
		Release.AspNetCompiler.Debug = "False"
		VWDPort = "49439"
		SlnRelativePath = "samples\aspnet\"
	EndProjectSection
EndProject
Project("{FAE04EC0-301F-11D3-BF4B-00C04F79EFBC}") = "Xcst.Web.Mvc", "src\Xcst.Web.Mvc\Xcst.Web.Mvc.csproj", "{4201BBCB-DBBB-47DB-8CD6-E62F697DEA64}"
EndProject
Project("{2150E333-8FDC-42A3-9474-1A3956D46DE8}") = "tests", "tests", "{28636474-5F87-46F6-BBED-0B6ECFC0F2D9}"
EndProject
Project("{2150E333-8FDC-42A3-9474-1A3956D46DE8}") = "src", "src", "{3D9FCA40-C58E-428A-AE3C-480DF5724451}"
EndProject
Project("{2150E333-8FDC-42A3-9474-1A3956D46DE8}") = "schemas", "schemas", "{A0812B4C-159C-4387-94AE-BEEC87FFFF86}"
	ProjectSection(SolutionItems) = preProject
		schemas\xcst-app.rng = schemas\xcst-app.rng
		schemas\xcst-app.xsd = schemas\xcst-app.xsd
		packages\Xcst.Compiler.0.36.0\schemas\xcst.rng = packages\Xcst.Compiler.0.36.0\schemas\xcst.rng
		packages\Xcst.Compiler.0.36.0\schemas\xcst.xsd = packages\Xcst.Compiler.0.36.0\schemas\xcst.xsd
	EndProjectSection
EndProject
Project("{FAE04EC0-301F-11D3-BF4B-00C04F79EFBC}") = "Xcst.AspNet.Tests", "tests\Xcst.AspNet.Tests\Xcst.AspNet.Tests.csproj", "{9C2C8E13-E69D-4656-8554-11CD69147448}"
EndProject
Project("{FAE04EC0-301F-11D3-BF4B-00C04F79EFBC}") = "Xcst.AspNet", "src\Xcst.AspNet\Xcst.AspNet.csproj", "{5CB9AA5E-52B2-4FBB-8DB3-D1D53193D34F}"
EndProject
Project("{E24C65DC-7377-472B-9ABA-BC803B73C61A}") = "aspnet-mvc", "samples\aspnet-mvc\", "{48FFDBDC-4AE8-4739-9AD1-C361927CAE3D}"
	ProjectSection(WebsiteProperties) = preProject
		TargetFrameworkMoniker = ".NETFramework,Version%3Dv4.6"
		ProjectReferences = "{4201bbcb-dbbb-47db-8cd6-e62f697dea64}|Xcst.Web.Mvc.dll;"
		Debug.AspNetCompiler.VirtualPath = "/localhost_52517"
		Debug.AspNetCompiler.PhysicalPath = "samples\aspnet-mvc\"
		Debug.AspNetCompiler.TargetPath = "PrecompiledWeb\localhost_52517\"
		Debug.AspNetCompiler.Updateable = "true"
		Debug.AspNetCompiler.ForceOverwrite = "true"
		Debug.AspNetCompiler.FixedNames = "false"
		Debug.AspNetCompiler.Debug = "True"
		Release.AspNetCompiler.VirtualPath = "/localhost_52517"
		Release.AspNetCompiler.PhysicalPath = "samples\aspnet-mvc\"
		Release.AspNetCompiler.TargetPath = "PrecompiledWeb\localhost_52517\"
		Release.AspNetCompiler.Updateable = "true"
		Release.AspNetCompiler.ForceOverwrite = "true"
		Release.AspNetCompiler.FixedNames = "false"
		Release.AspNetCompiler.Debug = "False"
		VWDPort = "52517"
		SlnRelativePath = "samples\aspnet-mvc\"
	EndProjectSection
EndProject
Global
	GlobalSection(SolutionConfigurationPlatforms) = preSolution
		CodeAnalysis|Any CPU = CodeAnalysis|Any CPU
		Debug|Any CPU = Debug|Any CPU
		Release|Any CPU = Release|Any CPU
	EndGlobalSection
	GlobalSection(ProjectConfigurationPlatforms) = postSolution
		{69E11991-F3B6-41D9-B8B6-D5AADEA54EAD}.CodeAnalysis|Any CPU.ActiveCfg = Debug|Any CPU
		{69E11991-F3B6-41D9-B8B6-D5AADEA54EAD}.CodeAnalysis|Any CPU.Build.0 = Debug|Any CPU
		{69E11991-F3B6-41D9-B8B6-D5AADEA54EAD}.Debug|Any CPU.ActiveCfg = Debug|Any CPU
		{69E11991-F3B6-41D9-B8B6-D5AADEA54EAD}.Debug|Any CPU.Build.0 = Debug|Any CPU
		{69E11991-F3B6-41D9-B8B6-D5AADEA54EAD}.Release|Any CPU.ActiveCfg = Debug|Any CPU
		{69E11991-F3B6-41D9-B8B6-D5AADEA54EAD}.Release|Any CPU.Build.0 = Debug|Any CPU
		{4201BBCB-DBBB-47DB-8CD6-E62F697DEA64}.CodeAnalysis|Any CPU.ActiveCfg = Release|Any CPU
		{4201BBCB-DBBB-47DB-8CD6-E62F697DEA64}.CodeAnalysis|Any CPU.Build.0 = Release|Any CPU
		{4201BBCB-DBBB-47DB-8CD6-E62F697DEA64}.Debug|Any CPU.ActiveCfg = Debug|Any CPU
		{4201BBCB-DBBB-47DB-8CD6-E62F697DEA64}.Debug|Any CPU.Build.0 = Debug|Any CPU
		{4201BBCB-DBBB-47DB-8CD6-E62F697DEA64}.Release|Any CPU.ActiveCfg = Release|Any CPU
		{4201BBCB-DBBB-47DB-8CD6-E62F697DEA64}.Release|Any CPU.Build.0 = Release|Any CPU
		{9C2C8E13-E69D-4656-8554-11CD69147448}.CodeAnalysis|Any CPU.ActiveCfg = Release|Any CPU
		{9C2C8E13-E69D-4656-8554-11CD69147448}.CodeAnalysis|Any CPU.Build.0 = Release|Any CPU
		{9C2C8E13-E69D-4656-8554-11CD69147448}.Debug|Any CPU.ActiveCfg = Debug|Any CPU
		{9C2C8E13-E69D-4656-8554-11CD69147448}.Debug|Any CPU.Build.0 = Debug|Any CPU
		{9C2C8E13-E69D-4656-8554-11CD69147448}.Release|Any CPU.ActiveCfg = Release|Any CPU
		{9C2C8E13-E69D-4656-8554-11CD69147448}.Release|Any CPU.Build.0 = Release|Any CPU
		{5CB9AA5E-52B2-4FBB-8DB3-D1D53193D34F}.CodeAnalysis|Any CPU.ActiveCfg = Release|Any CPU
		{5CB9AA5E-52B2-4FBB-8DB3-D1D53193D34F}.CodeAnalysis|Any CPU.Build.0 = Release|Any CPU
		{5CB9AA5E-52B2-4FBB-8DB3-D1D53193D34F}.Debug|Any CPU.ActiveCfg = Debug|Any CPU
		{5CB9AA5E-52B2-4FBB-8DB3-D1D53193D34F}.Debug|Any CPU.Build.0 = Debug|Any CPU
		{5CB9AA5E-52B2-4FBB-8DB3-D1D53193D34F}.Release|Any CPU.ActiveCfg = Release|Any CPU
		{5CB9AA5E-52B2-4FBB-8DB3-D1D53193D34F}.Release|Any CPU.Build.0 = Release|Any CPU
		{48FFDBDC-4AE8-4739-9AD1-C361927CAE3D}.CodeAnalysis|Any CPU.ActiveCfg = Debug|Any CPU
		{48FFDBDC-4AE8-4739-9AD1-C361927CAE3D}.CodeAnalysis|Any CPU.Build.0 = Debug|Any CPU
		{48FFDBDC-4AE8-4739-9AD1-C361927CAE3D}.Debug|Any CPU.ActiveCfg = Debug|Any CPU
		{48FFDBDC-4AE8-4739-9AD1-C361927CAE3D}.Debug|Any CPU.Build.0 = Debug|Any CPU
		{48FFDBDC-4AE8-4739-9AD1-C361927CAE3D}.Release|Any CPU.ActiveCfg = Debug|Any CPU
		{48FFDBDC-4AE8-4739-9AD1-C361927CAE3D}.Release|Any CPU.Build.0 = Debug|Any CPU
	EndGlobalSection
	GlobalSection(SolutionProperties) = preSolution
		HideSolutionNode = FALSE
	EndGlobalSection
	GlobalSection(NestedProjects) = preSolution
		{69E11991-F3B6-41D9-B8B6-D5AADEA54EAD} = {A359B933-E00C-4356-B908-7ED4CCA83B65}
		{4201BBCB-DBBB-47DB-8CD6-E62F697DEA64} = {3D9FCA40-C58E-428A-AE3C-480DF5724451}
		{9C2C8E13-E69D-4656-8554-11CD69147448} = {28636474-5F87-46F6-BBED-0B6ECFC0F2D9}
		{5CB9AA5E-52B2-4FBB-8DB3-D1D53193D34F} = {3D9FCA40-C58E-428A-AE3C-480DF5724451}
		{48FFDBDC-4AE8-4739-9AD1-C361927CAE3D} = {A359B933-E00C-4356-B908-7ED4CCA83B65}
	EndGlobalSection
EndGlobal
